// !$*UTF8*$!
{
	archiveVersion = 1;
	classes = {
	};
	objectVersion = 56;
	objects = {

/* Begin PBXBuildFile section */
		F59544252A948ED000124B43 /* AnimatingNumberChangesApp.swift in Sources */ = {isa = PBXBuildFile; fileRef = F59544242A948ED000124B43 /* AnimatingNumberChangesApp.swift */; };
		F59544272A948ED000124B43 /* HomeView.swift in Sources */ = {isa = PBXBuildFile; fileRef = F59544262A948ED000124B43 /* HomeView.swift */; };
		F59544292A948ED300124B43 /* Assets.xcassets in Resources */ = {isa = PBXBuildFile; fileRef = F59544282A948ED300124B43 /* Assets.xcassets */; };
		F595442C2A948ED300124B43 /* Preview Assets.xcassets in Resources */ = {isa = PBXBuildFile; fileRef = F595442B2A948ED300124B43 /* Preview Assets.xcassets */; };
		F59544332A94962E00124B43 /* AnimatableNumberModifier.swift in Sources */ = {isa = PBXBuildFile; fileRef = F59544322A94962E00124B43 /* AnimatableNumberModifier.swift */; };
		F59544352A966BC900124B43 /* ScannerView.swift in Sources */ = {isa = PBXBuildFile; fileRef = F59544342A966BC900124B43 /* ScannerView.swift */; };
		F59544372A97A75000124B43 /* DiagonalView.swift in Sources */ = {isa = PBXBuildFile; fileRef = F59544362A97A75000124B43 /* DiagonalView.swift */; };
		F5CC2CB52AA8925B00BE12D6 /* NewBirdIndicator.swift in Sources */ = {isa = PBXBuildFile; fileRef = F5CC2CB42AA8925B00BE12D6 /* NewBirdIndicator.swift */; };
		F5CC2D2D2AA9FE6000BE12D6 /* Person.swift in Sources */ = {isa = PBXBuildFile; fileRef = F5CC2D2C2AA9FE6000BE12D6 /* Person.swift */; };
		F5CC2D2F2AA9FEB900BE12D6 /* PersonView.swift in Sources */ = {isa = PBXBuildFile; fileRef = F5CC2D2E2AA9FEB900BE12D6 /* PersonView.swift */; };
		F5CC2D312AAA006200BE12D6 /* DetailView.swift in Sources */ = {isa = PBXBuildFile; fileRef = F5CC2D302AAA006200BE12D6 /* DetailView.swift */; };
		F5CC2D332AAA377700BE12D6 /* PreviewSampleData.swift in Sources */ = {isa = PBXBuildFile; fileRef = F5CC2D322AAA377700BE12D6 /* PreviewSampleData.swift */; };
		F5E344FE2AF4A34F0048B7F3 /* OlympicEventResult.swift in Sources */ = {isa = PBXBuildFile; fileRef = F5E344FD2AF4A34F0048B7F3 /* OlympicEventResult.swift */; };
		F5E536C72B20D06B000849E4 /* CombineTest.swift in Sources */ = {isa = PBXBuildFile; fileRef = F5E536C62B20D06B000849E4 /* CombineTest.swift */; };
		F5E536C92B23035C000849E4 /* ListView.swift in Sources */ = {isa = PBXBuildFile; fileRef = F5E536C82B23035C000849E4 /* ListView.swift */; };
		F5E536CB2B23048B000849E4 /* DownloadWithCombineViewModel.swift in Sources */ = {isa = PBXBuildFile; fileRef = F5E536CA2B23048B000849E4 /* DownloadWithCombineViewModel.swift */; };
		F5F253FF2B15C6A00088932E /* ContentView.swift in Sources */ = {isa = PBXBuildFile; fileRef = F5F253FE2B15C6A00088932E /* ContentView.swift */; };
		F5F254012B15C6BF0088932E /* TestTextField.swift in Sources */ = {isa = PBXBuildFile; fileRef = F5F254002B15C6BF0088932E /* TestTextField.swift */; };
/* End PBXBuildFile section */

/* Begin PBXFileReference section */
		F59544212A948ED000124B43 /* AnimatingNumberChanges.app */ = {isa = PBXFileReference; explicitFileType = wrapper.application; includeInIndex = 0; path = AnimatingNumberChanges.app; sourceTree = BUILT_PRODUCTS_DIR; };
		F59544242A948ED000124B43 /* AnimatingNumberChangesApp.swift */ = {isa = PBXFileReference; lastKnownFileType = sourcecode.swift; path = AnimatingNumberChangesApp.swift; sourceTree = "<group>"; };
		F59544262A948ED000124B43 /* HomeView.swift */ = {isa = PBXFileReference; lastKnownFileType = sourcecode.swift; path = HomeView.swift; sourceTree = "<group>"; };
		F59544282A948ED300124B43 /* Assets.xcassets */ = {isa = PBXFileReference; lastKnownFileType = folder.assetcatalog; path = Assets.xcassets; sourceTree = "<group>"; };
		F595442B2A948ED300124B43 /* Preview Assets.xcassets */ = {isa = PBXFileReference; lastKnownFileType = folder.assetcatalog; path = "Preview Assets.xcassets"; sourceTree = "<group>"; };
		F59544322A94962E00124B43 /* AnimatableNumberModifier.swift */ = {isa = PBXFileReference; lastKnownFileType = sourcecode.swift; path = AnimatableNumberModifier.swift; sourceTree = "<group>"; };
		F59544342A966BC900124B43 /* ScannerView.swift */ = {isa = PBXFileReference; lastKnownFileType = sourcecode.swift; path = ScannerView.swift; sourceTree = "<group>"; };
		F59544362A97A75000124B43 /* DiagonalView.swift */ = {isa = PBXFileReference; lastKnownFileType = sourcecode.swift; path = DiagonalView.swift; sourceTree = "<group>"; };
		F5CC2CB42AA8925B00BE12D6 /* NewBirdIndicator.swift */ = {isa = PBXFileReference; lastKnownFileType = sourcecode.swift; path = NewBirdIndicator.swift; sourceTree = "<group>"; };
		F5CC2D2C2AA9FE6000BE12D6 /* Person.swift */ = {isa = PBXFileReference; lastKnownFileType = sourcecode.swift; path = Person.swift; sourceTree = "<group>"; };
		F5CC2D2E2AA9FEB900BE12D6 /* PersonView.swift */ = {isa = PBXFileReference; lastKnownFileType = sourcecode.swift; path = PersonView.swift; sourceTree = "<group>"; };
		F5CC2D302AAA006200BE12D6 /* DetailView.swift */ = {isa = PBXFileReference; lastKnownFileType = sourcecode.swift; path = DetailView.swift; sourceTree = "<group>"; };
		F5CC2D322AAA377700BE12D6 /* PreviewSampleData.swift */ = {isa = PBXFileReference; lastKnownFileType = sourcecode.swift; path = PreviewSampleData.swift; sourceTree = "<group>"; };
		F5E344FD2AF4A34F0048B7F3 /* OlympicEventResult.swift */ = {isa = PBXFileReference; lastKnownFileType = sourcecode.swift; path = OlympicEventResult.swift; sourceTree = "<group>"; };
		F5E536C62B20D06B000849E4 /* CombineTest.swift */ = {isa = PBXFileReference; lastKnownFileType = sourcecode.swift; path = CombineTest.swift; sourceTree = "<group>"; };
		F5E536C82B23035C000849E4 /* ListView.swift */ = {isa = PBXFileReference; lastKnownFileType = sourcecode.swift; path = ListView.swift; sourceTree = "<group>"; };
		F5E536CA2B23048B000849E4 /* DownloadWithCombineViewModel.swift */ = {isa = PBXFileReference; lastKnownFileType = sourcecode.swift; path = DownloadWithCombineViewModel.swift; sourceTree = "<group>"; };
		F5F253FE2B15C6A00088932E /* ContentView.swift */ = {isa = PBXFileReference; lastKnownFileType = sourcecode.swift; path = ContentView.swift; sourceTree = "<group>"; };
		F5F254002B15C6BF0088932E /* TestTextField.swift */ = {isa = PBXFileReference; lastKnownFileType = sourcecode.swift; path = TestTextField.swift; sourceTree = "<group>"; };
/* End PBXFileReference section */

/* Begin PBXFrameworksBuildPhase section */
		F595441E2A948ED000124B43 /* Frameworks */ = {
			isa = PBXFrameworksBuildPhase;
			buildActionMask = 2147483647;
			files = (
			);
			runOnlyForDeploymentPostprocessing = 0;
		};
/* End PBXFrameworksBuildPhase section */

/* Begin PBXGroup section */
		F59544182A948ED000124B43 = {
			isa = PBXGroup;
			children = (
				F59544232A948ED000124B43 /* AnimatingNumberChanges */,
				F59544222A948ED000124B43 /* Products */,
			);
			sourceTree = "<group>";
		};
		F59544222A948ED000124B43 /* Products */ = {
			isa = PBXGroup;
			children = (
				F59544212A948ED000124B43 /* AnimatingNumberChanges.app */,
			);
			name = Products;
			sourceTree = "<group>";
		};
		F59544232A948ED000124B43 /* AnimatingNumberChanges */ = {
			isa = PBXGroup;
			children = (
				F59544242A948ED000124B43 /* AnimatingNumberChangesApp.swift */,
				F5E536C62B20D06B000849E4 /* CombineTest.swift */,
				F5E536CA2B23048B000849E4 /* DownloadWithCombineViewModel.swift */,
				F5E536C82B23035C000849E4 /* ListView.swift */,
				F59544262A948ED000124B43 /* HomeView.swift */,
				F59544322A94962E00124B43 /* AnimatableNumberModifier.swift */,
				F5F253FE2B15C6A00088932E /* ContentView.swift */,
				F5F254002B15C6BF0088932E /* TestTextField.swift */,
				F5CC2D2C2AA9FE6000BE12D6 /* Person.swift */,
				F5CC2D322AAA377700BE12D6 /* PreviewSampleData.swift */,
				F5CC2D2E2AA9FEB900BE12D6 /* PersonView.swift */,
				F5E344FD2AF4A34F0048B7F3 /* OlympicEventResult.swift */,
				F5CC2D302AAA006200BE12D6 /* DetailView.swift */,
				F59544342A966BC900124B43 /* ScannerView.swift */,
				F5CC2CB42AA8925B00BE12D6 /* NewBirdIndicator.swift */,
				F59544362A97A75000124B43 /* DiagonalView.swift */,
				F59544282A948ED300124B43 /* Assets.xcassets */,
				F595442A2A948ED300124B43 /* Preview Content */,
			);
			path = AnimatingNumberChanges;
			sourceTree = "<group>";
		};
		F595442A2A948ED300124B43 /* Preview Content */ = {
			isa = PBXGroup;
			children = (
				F595442B2A948ED300124B43 /* Preview Assets.xcassets */,
			);
			path = "Preview Content";
			sourceTree = "<group>";
		};
/* End PBXGroup section */

/* Begin PBXNativeTarget section */
		F59544202A948ED000124B43 /* AnimatingNumberChanges */ = {
			isa = PBXNativeTarget;
			buildConfigurationList = F595442F2A948ED300124B43 /* Build configuration list for PBXNativeTarget "AnimatingNumberChanges" */;
			buildPhases = (
				F595441D2A948ED000124B43 /* Sources */,
				F595441E2A948ED000124B43 /* Frameworks */,
				F595441F2A948ED000124B43 /* Resources */,
			);
			buildRules = (
			);
			dependencies = (
			);
			name = AnimatingNumberChanges;
			productName = AnimatingNumberChanges;
			productReference = F59544212A948ED000124B43 /* AnimatingNumberChanges.app */;
			productType = "com.apple.product-type.application";
		};
/* End PBXNativeTarget section */

/* Begin PBXProject section */
		F59544192A948ED000124B43 /* Project object */ = {
			isa = PBXProject;
			attributes = {
				BuildIndependentTargetsInParallel = 1;
				LastSwiftUpdateCheck = 1430;
				LastUpgradeCheck = 1500;
				TargetAttributes = {
					F59544202A948ED000124B43 = {
						CreatedOnToolsVersion = 14.3;
					};
				};
			};
			buildConfigurationList = F595441C2A948ED000124B43 /* Build configuration list for PBXProject "AnimatingNumberChanges" */;
			compatibilityVersion = "Xcode 14.0";
			developmentRegion = en;
			hasScannedForEncodings = 0;
			knownRegions = (
				en,
				Base,
			);
			mainGroup = F59544182A948ED000124B43;
			productRefGroup = F59544222A948ED000124B43 /* Products */;
			projectDirPath = "";
			projectRoot = "";
			targets = (
				F59544202A948ED000124B43 /* AnimatingNumberChanges */,
			);
		};
/* End PBXProject section */

/* Begin PBXResourcesBuildPhase section */
		F595441F2A948ED000124B43 /* Resources */ = {
			isa = PBXResourcesBuildPhase;
			buildActionMask = 2147483647;
			files = (
				F595442C2A948ED300124B43 /* Preview Assets.xcassets in Resources */,
				F59544292A948ED300124B43 /* Assets.xcassets in Resources */,
			);
			runOnlyForDeploymentPostprocessing = 0;
		};
/* End PBXResourcesBuildPhase section */

/* Begin PBXSourcesBuildPhase section */
		F595441D2A948ED000124B43 /* Sources */ = {
			isa = PBXSourcesBuildPhase;
			buildActionMask = 2147483647;
			files = (
				F59544332A94962E00124B43 /* AnimatableNumberModifier.swift in Sources */,
				F5E536C72B20D06B000849E4 /* CombineTest.swift in Sources */,
				F5E536CB2B23048B000849E4 /* DownloadWithCombineViewModel.swift in Sources */,
				F5E536C92B23035C000849E4 /* ListView.swift in Sources */,
				F5CC2D312AAA006200BE12D6 /* DetailView.swift in Sources */,
				F5F253FF2B15C6A00088932E /* ContentView.swift in Sources */,
				F59544352A966BC900124B43 /* ScannerView.swift in Sources */,
				F59544372A97A75000124B43 /* DiagonalView.swift in Sources */,
				F5CC2CB52AA8925B00BE12D6 /* NewBirdIndicator.swift in Sources */,
				F5CC2D2D2AA9FE6000BE12D6 /* Person.swift in Sources */,
				F5CC2D332AAA377700BE12D6 /* PreviewSampleData.swift in Sources */,
				F5CC2D2F2AA9FEB900BE12D6 /* PersonView.swift in Sources */,
				F59544272A948ED000124B43 /* HomeView.swift in Sources */,
				F5E344FE2AF4A34F0048B7F3 /* OlympicEventResult.swift in Sources */,
				F59544252A948ED000124B43 /* AnimatingNumberChangesApp.swift in Sources */,
				F5F254012B15C6BF0088932E /* TestTextField.swift in Sources */,
			);
			runOnlyForDeploymentPostprocessing = 0;
		};
/* End PBXSourcesBuildPhase section */

/* Begin XCBuildConfiguration section */
		F595442D2A948ED300124B43 /* Debug */ = {
			isa = XCBuildConfiguration;
			buildSettings = {
				ALWAYS_SEARCH_USER_PATHS = NO;
				CLANG_ANALYZER_NONNULL = YES;
				CLANG_ANALYZER_NUMBER_OBJECT_CONVERSION = YES_AGGRESSIVE;
				CLANG_CXX_LANGUAGE_STANDARD = "gnu++20";
				CLANG_ENABLE_MODULES = YES;
				CLANG_ENABLE_OBJC_ARC = YES;
				CLANG_ENABLE_OBJC_WEAK = YES;
				CLANG_WARN_BLOCK_CAPTURE_AUTORELEASING = YES;
				CLANG_WARN_BOOL_CONVERSION = YES;
				CLANG_WARN_COMMA = YES;
				CLANG_WARN_CONSTANT_CONVERSION = YES;
				CLANG_WARN_DEPRECATED_OBJC_IMPLEMENTATIONS = YES;
				CLANG_WARN_DIRECT_OBJC_ISA_USAGE = YES_ERROR;
				CLANG_WARN_DOCUMENTATION_COMMENTS = YES;
				CLANG_WARN_EMPTY_BODY = YES;
				CLANG_WARN_ENUM_CONVERSION = YES;
				CLANG_WARN_INFINITE_RECURSION = YES;
				CLANG_WARN_INT_CONVERSION = YES;
				CLANG_WARN_NON_LITERAL_NULL_CONVERSION = YES;
				CLANG_WARN_OBJC_IMPLICIT_RETAIN_SELF = YES;
				CLANG_WARN_OBJC_LITERAL_CONVERSION = YES;
				CLANG_WARN_OBJC_ROOT_CLASS = YES_ERROR;
				CLANG_WARN_QUOTED_INCLUDE_IN_FRAMEWORK_HEADER = YES;
				CLANG_WARN_RANGE_LOOP_ANALYSIS = YES;
				CLANG_WARN_STRICT_PROTOTYPES = YES;
				CLANG_WARN_SUSPICIOUS_MOVE = YES;
				CLANG_WARN_UNGUARDED_AVAILABILITY = YES_AGGRESSIVE;
				CLANG_WARN_UNREACHABLE_CODE = YES;
				CLANG_WARN__DUPLICATE_METHOD_MATCH = YES;
				COPY_PHASE_STRIP = NO;
				DEBUG_INFORMATION_FORMAT = dwarf;
				ENABLE_STRICT_OBJC_MSGSEND = YES;
				ENABLE_TESTABILITY = YES;
				ENABLE_USER_SCRIPT_SANDBOXING = YES;
				GCC_C_LANGUAGE_STANDARD = gnu11;
				GCC_DYNAMIC_NO_PIC = NO;
				GCC_NO_COMMON_BLOCKS = YES;
				GCC_OPTIMIZATION_LEVEL = 0;
				GCC_PREPROCESSOR_DEFINITIONS = (
					"DEBUG=1",
					"$(inherited)",
				);
				GCC_WARN_64_TO_32_BIT_CONVERSION = YES;
				GCC_WARN_ABOUT_RETURN_TYPE = YES_ERROR;
				GCC_WARN_UNDECLARED_SELECTOR = YES;
				GCC_WARN_UNINITIALIZED_AUTOS = YES_AGGRESSIVE;
				GCC_WARN_UNUSED_FUNCTION = YES;
				GCC_WARN_UNUSED_VARIABLE = YES;
				IPHONEOS_DEPLOYMENT_TARGET = 17.0;
				MTL_ENABLE_DEBUG_INFO = INCLUDE_SOURCE;
				MTL_FAST_MATH = YES;
				ONLY_ACTIVE_ARCH = YES;
				SDKROOT = iphoneos;
				SWIFT_ACTIVE_COMPILATION_CONDITIONS = DEBUG;
				SWIFT_OPTIMIZATION_LEVEL = "-Onone";
			};
			name = Debug;
		};
		F595442E2A948ED300124B43 /* Release */ = {
			isa = XCBuildConfiguration;
			buildSettings = {
				ALWAYS_SEARCH_USER_PATHS = NO;
				CLANG_ANALYZER_NONNULL = YES;
				CLANG_ANALYZER_NUMBER_OBJECT_CONVERSION = YES_AGGRESSIVE;
				CLANG_CXX_LANGUAGE_STANDARD = "gnu++20";
				CLANG_ENABLE_MODULES = YES;
				CLANG_ENABLE_OBJC_ARC = YES;
				CLANG_ENABLE_OBJC_WEAK = YES;
				CLANG_WARN_BLOCK_CAPTURE_AUTORELEASING = YES;
				CLANG_WARN_BOOL_CONVERSION = YES;
				CLANG_WARN_COMMA = YES;
				CLANG_WARN_CONSTANT_CONVERSION = YES;
				CLANG_WARN_DEPRECATED_OBJC_IMPLEMENTATIONS = YES;
				CLANG_WARN_DIRECT_OBJC_ISA_USAGE = YES_ERROR;
				CLANG_WARN_DOCUMENTATION_COMMENTS = YES;
				CLANG_WARN_EMPTY_BODY = YES;
				CLANG_WARN_ENUM_CONVERSION = YES;
				CLANG_WARN_INFINITE_RECURSION = YES;
				CLANG_WARN_INT_CONVERSION = YES;
				CLANG_WARN_NON_LITERAL_NULL_CONVERSION = YES;
				CLANG_WARN_OBJC_IMPLICIT_RETAIN_SELF = YES;
				CLANG_WARN_OBJC_LITERAL_CONVERSION = YES;
				CLANG_WARN_OBJC_ROOT_CLASS = YES_ERROR;
				CLANG_WARN_QUOTED_INCLUDE_IN_FRAMEWORK_HEADER = YES;
				CLANG_WARN_RANGE_LOOP_ANALYSIS = YES;
				CLANG_WARN_STRICT_PROTOTYPES = YES;
				CLANG_WARN_SUSPICIOUS_MOVE = YES;
				CLANG_WARN_UNGUARDED_AVAILABILITY = YES_AGGRESSIVE;
				CLANG_WARN_UNREACHABLE_CODE = YES;
				CLANG_WARN__DUPLICATE_METHOD_MATCH = YES;
				COPY_PHASE_STRIP = NO;
				DEBUG_INFORMATION_FORMAT = "dwarf-with-dsym";
				ENABLE_NS_ASSERTIONS = NO;
				ENABLE_STRICT_OBJC_MSGSEND = YES;
				ENABLE_USER_SCRIPT_SANDBOXING = YES;
				GCC_C_LANGUAGE_STANDARD = gnu11;
				GCC_NO_COMMON_BLOCKS = YES;
				GCC_WARN_64_TO_32_BIT_CONVERSION = YES;
				GCC_WARN_ABOUT_RETURN_TYPE = YES_ERROR;
				GCC_WARN_UNDECLARED_SELECTOR = YES;
				GCC_WARN_UNINITIALIZED_AUTOS = YES_AGGRESSIVE;
				GCC_WARN_UNUSED_FUNCTION = YES;
				GCC_WARN_UNUSED_VARIABLE = YES;
				IPHONEOS_DEPLOYMENT_TARGET = 17.0;
				MTL_ENABLE_DEBUG_INFO = NO;
				MTL_FAST_MATH = YES;
				SDKROOT = iphoneos;
				SWIFT_COMPILATION_MODE = wholemodule;
				SWIFT_OPTIMIZATION_LEVEL = "-O";
				VALIDATE_PRODUCT = YES;
			};
			name = Release;
		};
		F59544302A948ED300124B43 /* Debug */ = {
			isa = XCBuildConfiguration;
			buildSettings = {
				ASSETCATALOG_COMPILER_APPICON_NAME = AppIcon;
				ASSETCATALOG_COMPILER_GLOBAL_ACCENT_COLOR_NAME = AccentColor;
				CODE_SIGN_STYLE = Automatic;
				CURRENT_PROJECT_VERSION = 1;
				DEVELOPMENT_ASSET_PATHS = "\"AnimatingNumberChanges/Preview Content\"";
				DEVELOPMENT_TEAM = 9B8CU8XHSY;
				ENABLE_PREVIEWS = YES;
				GENERATE_INFOPLIST_FILE = YES;
				INFOPLIST_KEY_UIApplicationSceneManifest_Generation = YES;
				INFOPLIST_KEY_UIApplicationSupportsIndirectInputEvents = YES;
				INFOPLIST_KEY_UILaunchScreen_Generation = YES;
				INFOPLIST_KEY_UISupportedInterfaceOrientations_iPad = "UIInterfaceOrientationPortrait UIInterfaceOrientationPortraitUpsideDown UIInterfaceOrientationLandscapeLeft UIInterfaceOrientationLandscapeRight";
				INFOPLIST_KEY_UISupportedInterfaceOrientations_iPhone = "UIInterfaceOrientationPortrait UIInterfaceOrientationLandscapeLeft UIInterfaceOrientationLandscapeRight";
				LD_RUNPATH_SEARCH_PATHS = (
					"$(inherited)",
					"@executable_path/Frameworks",
				);
				MARKETING_VERSION = 1.0;
				PRODUCT_BUNDLE_IDENTIFIER = com.zeemoni.AnimatingNumberChanges;
				PRODUCT_NAME = "$(TARGET_NAME)";
				SWIFT_EMIT_LOC_STRINGS = YES;
				SWIFT_VERSION = 5.0;
				TARGETED_DEVICE_FAMILY = "1,2";
			};
			name = Debug;
		};
		F59544312A948ED300124B43 /* Release */ = {
			isa = XCBuildConfiguration;
			buildSettings = {
				ASSETCATALOG_COMPILER_APPICON_NAME = AppIcon;
				ASSETCATALOG_COMPILER_GLOBAL_ACCENT_COLOR_NAME = AccentColor;
				CODE_SIGN_STYLE = Automatic;
				CURRENT_PROJECT_VERSION = 1;
				DEVELOPMENT_ASSET_PATHS = "\"AnimatingNumberChanges/Preview Content\"";
				DEVELOPMENT_TEAM = 9B8CU8XHSY;
				ENABLE_PREVIEWS = YES;
				GENERATE_INFOPLIST_FILE = YES;
				INFOPLIST_KEY_UIApplicationSceneManifest_Generation = YES;
				INFOPLIST_KEY_UIApplicationSupportsIndirectInputEvents = YES;
				INFOPLIST_KEY_UILaunchScreen_Generation = YES;
				INFOPLIST_KEY_UISupportedInterfaceOrientations_iPad = "UIInterfaceOrientationPortrait UIInterfaceOrientationPortraitUpsideDown UIInterfaceOrientationLandscapeLeft UIInterfaceOrientationLandscapeRight";
				INFOPLIST_KEY_UISupportedInterfaceOrientations_iPhone = "UIInterfaceOrientationPortrait UIInterfaceOrientationLandscapeLeft UIInterfaceOrientationLandscapeRight";
				LD_RUNPATH_SEARCH_PATHS = (
					"$(inherited)",
					"@executable_path/Frameworks",
				);
				MARKETING_VERSION = 1.0;
				PRODUCT_BUNDLE_IDENTIFIER = com.zeemoni.AnimatingNumberChanges;
				PRODUCT_NAME = "$(TARGET_NAME)";
				SWIFT_EMIT_LOC_STRINGS = YES;
				SWIFT_VERSION = 5.0;
				TARGETED_DEVICE_FAMILY = "1,2";
			};
			name = Release;
		};
/* End XCBuildConfiguration section */

/* Begin XCConfigurationList section */
		F595441C2A948ED000124B43 /* Build configuration list for PBXProject "AnimatingNumberChanges" */ = {
			isa = XCConfigurationList;
			buildConfigurations = (
				F595442D2A948ED300124B43 /* Debug */,
				F595442E2A948ED300124B43 /* Release */,
			);
			defaultConfigurationIsVisible = 0;
			defaultConfigurationName = Release;
		};
		F595442F2A948ED300124B43 /* Build configuration list for PBXNativeTarget "AnimatingNumberChanges" */ = {
			isa = XCConfigurationList;
			buildConfigurations = (
				F59544302A948ED300124B43 /* Debug */,
				F59544312A948ED300124B43 /* Release */,
			);
			defaultConfigurationIsVisible = 0;
			defaultConfigurationName = Release;
		};
/* End XCConfigurationList section */
	};
	rootObject = F59544192A948ED000124B43 /* Project object */;
}
